// !$*UTF8*$!
{
	archiveVersion = 1;
	classes = {
	};
	objectVersion = 46;
	objects = {

/* Begin PBXBuildFile section */
		6644CC201F15593800C6F4F9 /* AppDelegate.swift in Sources */ = {isa = PBXBuildFile; fileRef = 6644CC1F1F15593800C6F4F9 /* AppDelegate.swift */; };
		6644CC221F15593800C6F4F9 /* ViewController.swift in Sources */ = {isa = PBXBuildFile; fileRef = 6644CC211F15593800C6F4F9 /* ViewController.swift */; };
		6644CC251F15593800C6F4F9 /* Main.storyboard in Resources */ = {isa = PBXBuildFile; fileRef = 6644CC231F15593800C6F4F9 /* Main.storyboard */; };
		6644CC271F15593800C6F4F9 /* Assets.xcassets in Resources */ = {isa = PBXBuildFile; fileRef = 6644CC261F15593800C6F4F9 /* Assets.xcassets */; };
		6644CC2A1F15593800C6F4F9 /* LaunchScreen.storyboard in Resources */ = {isa = PBXBuildFile; fileRef = 6644CC281F15593800C6F4F9 /* LaunchScreen.storyboard */; };
/* End PBXBuildFile section */

/* Begin PBXFileReference section */
		6644CC1C1F15593800C6F4F9 /* BabylonPosts.app */ = {isa = PBXFileReference; explicitFileType = wrapper.application; includeInIndex = 0; path = BabylonPosts.app; sourceTree = BUILT_PRODUCTS_DIR; };
		6644CC1F1F15593800C6F4F9 /* AppDelegate.swift */ = {isa = PBXFileReference; lastKnownFileType = sourcecode.swift; path = AppDelegate.swift; sourceTree = "<group>"; };
		6644CC211F15593800C6F4F9 /* ViewController.swift */ = {isa = PBXFileReference; lastKnownFileType = sourcecode.swift; path = ViewController.swift; sourceTree = "<group>"; };
		6644CC241F15593800C6F4F9 /* Base */ = {isa = PBXFileReference; lastKnownFileType = file.storyboard; name = Base; path = Base.lproj/Main.storyboard; sourceTree = "<group>"; };
		6644CC261F15593800C6F4F9 /* Assets.xcassets */ = {isa = PBXFileReference; lastKnownFileType = folder.assetcatalog; path = Assets.xcassets; sourceTree = "<group>"; };
		6644CC291F15593800C6F4F9 /* Base */ = {isa = PBXFileReference; lastKnownFileType = file.storyboard; name = Base; path = Base.lproj/LaunchScreen.storyboard; sourceTree = "<group>"; };
		6644CC2B1F15593800C6F4F9 /* Info.plist */ = {isa = PBXFileReference; lastKnownFileType = text.plist.xml; path = Info.plist; sourceTree = "<group>"; };
/* End PBXFileReference section */

/* Begin PBXFrameworksBuildPhase section */
		6644CC191F15593800C6F4F9 /* Frameworks */ = {
			isa = PBXFrameworksBuildPhase;
			buildActionMask = 2147483647;
			files = (
			);
			runOnlyForDeploymentPostprocessing = 0;
		};
/* End PBXFrameworksBuildPhase section */

/* Begin PBXGroup section */
		6644CC131F15593800C6F4F9 = {
			isa = PBXGroup;
			children = (
				6644CC1E1F15593800C6F4F9 /* BabylonPosts */,
				6644CC1D1F15593800C6F4F9 /* Products */,
			);
			sourceTree = "<group>";
		};
		6644CC1D1F15593800C6F4F9 /* Products */ = {
			isa = PBXGroup;
			children = (
				6644CC1C1F15593800C6F4F9 /* BabylonPosts.app */,
			);
			name = Products;
			sourceTree = "<group>";
		};
		6644CC1E1F15593800C6F4F9 /* BabylonPosts */ = {
			isa = PBXGroup;
			children = (
				6644CC1F1F15593800C6F4F9 /* AppDelegate.swift */,
				6644CC211F15593800C6F4F9 /* ViewController.swift */,
				6644CC231F15593800C6F4F9 /* Main.storyboard */,
				6644CC261F15593800C6F4F9 /* Assets.xcassets */,
				6644CC281F15593800C6F4F9 /* LaunchScreen.storyboard */,
				6644CC2B1F15593800C6F4F9 /* Info.plist */,
			);
			path = BabylonPosts;
			sourceTree = "<group>";
		};
/* End PBXGroup section */

/* Begin PBXNativeTarget section */
		6644CC1B1F15593800C6F4F9 /* BabylonPosts */ = {
			isa = PBXNativeTarget;
			buildConfigurationList = 6644CC2E1F15593800C6F4F9 /* Build configuration list for PBXNativeTarget "BabylonPosts" */;
			buildPhases = (
				6644CC181F15593800C6F4F9 /* Sources */,
				6644CC191F15593800C6F4F9 /* Frameworks */,
				6644CC1A1F15593800C6F4F9 /* Resources */,
			);
			buildRules = (
			);
			dependencies = (
			);
			name = BabylonPosts;
			productName = BabylonPosts;
			productReference = 6644CC1C1F15593800C6F4F9 /* BabylonPosts.app */;
			productType = "com.apple.product-type.application";
		};
/* End PBXNativeTarget section */

/* Begin PBXProject section */
		6644CC141F15593800C6F4F9 /* Project object */ = {
			isa = PBXProject;
			attributes = {
				LastSwiftUpdateCheck = 0830;
				LastUpgradeCheck = 0830;
				ORGANIZATIONNAME = "James Birtwell";
				TargetAttributes = {
					6644CC1B1F15593800C6F4F9 = {
						CreatedOnToolsVersion = 8.3.3;
						DevelopmentTeam = G55S74JQUS;
						ProvisioningStyle = Automatic;
					};
				};
			};
			buildConfigurationList = 6644CC171F15593800C6F4F9 /* Build configuration list for PBXProject "BabylonPosts" */;
			compatibilityVersion = "Xcode 3.2";
			developmentRegion = English;
			hasScannedForEncodings = 0;
			knownRegions = (
				en,
				Base,
			);
			mainGroup = 6644CC131F15593800C6F4F9;
			productRefGroup = 6644CC1D1F15593800C6F4F9 /* Products */;
			projectDirPath = "";
			projectRoot = "";
			targets = (
				6644CC1B1F15593800C6F4F9 /* BabylonPosts */,
			);
		};
/* End PBXProject section */

/* Begin PBXResourcesBuildPhase section */
		6644CC1A1F15593800C6F4F9 /* Resources */ = {
			isa = PBXResourcesBuildPhase;
			buildActionMask = 2147483647;
			files = (
				6644CC2A1F15593800C6F4F9 /* LaunchScreen.storyboard in Resources */,
				6644CC271F15593800C6F4F9 /* Assets.xcassets in Resources */,
				6644CC251F15593800C6F4F9 /* Main.storyboard in Resources */,
			);
			runOnlyForDeploymentPostprocessing = 0;
		};
/* End PBXResourcesBuildPhase section */

/* Begin PBXSourcesBuildPhase section */
		6644CC181F15593800C6F4F9 /* Sources */ = {
			isa = PBXSourcesBuildPhase;
			buildActionMask = 2147483647;
			files = (
				6644CC221F15593800C6F4F9 /* ViewController.swift in Sources */,
				6644CC201F15593800C6F4F9 /* AppDelegate.swift in Sources */,
			);
			runOnlyForDeploymentPostprocessing = 0;
		};
/* End PBXSourcesBuildPhase section */

/* Begin PBXVariantGroup section */
		6644CC231F15593800C6F4F9 /* Main.storyboard */ = {
			isa = PBXVariantGroup;
			children = (
				6644CC241F15593800C6F4F9 /* Base */,
			);
			name = Main.storyboard;
			sourceTree = "<group>";
		};
		6644CC281F15593800C6F4F9 /* LaunchScreen.storyboard */ = {
			isa = PBXVariantGroup;
			children = (
				6644CC291F15593800C6F4F9 /* Base */,
			);
			name = LaunchScreen.storyboard;
			sourceTree = "<group>";
		};
/* End PBXVariantGroup section */

/* Begin XCBuildConfiguration section */
		6644CC2C1F15593800C6F4F9 /* Debug */ = {
			isa = XCBuildConfiguration;
			buildSettings = {
				ALWAYS_SEARCH_USER_PATHS = NO;
				CLANG_ANALYZER_NONNULL = YES;
				CLANG_ANALYZER_NUMBER_OBJECT_CONVERSION = YES_AGGRESSIVE;
				CLANG_CXX_LANGUAGE_STANDARD = "gnu++0x";
				CLANG_CXX_LIBRARY = "libc++";
				CLANG_ENABLE_MODULES = YES;
				CLANG_ENABLE_OBJC_ARC = YES;
				CLANG_WARN_BOOL_CONVERSION = YES;
				CLANG_WARN_CONSTANT_CONVERSION = YES;
				CLANG_WARN_DIRECT_OBJC_ISA_USAGE = YES_ERROR;
				CLANG_WARN_DOCUMENTATION_COMMENTS = YES;
				CLANG_WARN_EMPTY_BODY = YES;
				CLANG_WARN_ENUM_CONVERSION = YES;
				CLANG_WARN_INFINITE_RECURSION = YES;
				CLANG_WARN_INT_CONVERSION = YES;
				CLANG_WARN_OBJC_ROOT_CLASS = YES_ERROR;
				CLANG_WARN_SUSPICIOUS_MOVE = YES;
				CLANG_WARN_UNREACHABLE_CODE = YES;
				CLANG_WARN__DUPLICATE_METHOD_MATCH = YES;
				"CODE_SIGN_IDENTITY[sdk=iphoneos*]" = "iPhone Developer";
				COPY_PHASE_STRIP = NO;
				DEBUG_INFORMATION_FORMAT = dwarf;
				ENABLE_STRICT_OBJC_MSGSEND = YES;
				ENABLE_TESTABILITY = YES;
				GCC_C_LANGUAGE_STANDARD = gnu99;
				GCC_DYNAMIC_NO_PIC = NO;
				GCC_NO_COMMON_BLOCKS = YES;
				GCC_OPTIMIZATION_LEVEL = 0;
				GCC_PREPROCESSOR_DEFINITIONS = (
					"DEBUG=1",
					"$(inherited)",
				);
				GCC_WARN_64_TO_32_BIT_CONVERSION = YES;
				GCC_WARN_ABOUT_RETURN_TYPE = YES_ERROR;
				GCC_WARN_UNDECLARED_SELECTOR = YES;
				GCC_WARN_UNINITIALIZED_AUTOS = YES_AGGRESSIVE;
				GCC_WARN_UNUSED_FUNCTION = YES;
				GCC_WARN_UNUSED_VARIABLE = YES;
				IPHONEOS_DEPLOYMENT_TARGET = 10.3;
				MTL_ENABLE_DEBUG_INFO = YES;
				ONLY_ACTIVE_ARCH = YES;
				SDKROOT = iphoneos;
				SWIFT_ACTIVE_COMPILATION_CONDITIONS = DEBUG;
				SWIFT_OPTIMIZATION_LEVEL = "-Onone";
			};
			name = Debug;
		};
		6644CC2D1F15593800C6F4F9 /* Release */ = {
			isa = XCBuildConfiguration;
			buildSettings = {
				ALWAYS_SEARCH_USER_PATHS = NO;
				CLANG_ANALYZER_NONNULL = YES;
				CLANG_ANALYZER_NUMBER_OBJECT_CONVERSION = YES_AGGRESSIVE;
				CLANG_CXX_LANGUAGE_STANDARD = "gnu++0x";
				CLANG_CXX_LIBRARY = "libc++";
				CLANG_ENABLE_MODULES = YES;
				CLANG_ENABLE_OBJC_ARC = YES;
				CLANG_WARN_BOOL_CONVERSION = YES;
				CLANG_WARN_CONSTANT_CONVERSION = YES;
				CLANG_WARN_DIRECT_OBJC_ISA_USAGE = YES_ERROR;
				CLANG_WARN_DOCUMENTATION_COMMENTS = YES;
				CLANG_WARN_EMPTY_BODY = YES;
				CLANG_WARN_ENUM_CONVERSION = YES;
				CLANG_WARN_INFINITE_RECURSION = YES;
				CLANG_WARN_INT_CONVERSION = YES;
				CLANG_WARN_OBJC_ROOT_CLASS = YES_ERROR;
				CLANG_WARN_SUSPICIOUS_MOVE = YES;
				CLANG_WARN_UNREACHABLE_CODE = YES;
				CLANG_WARN__DUPLICATE_METHOD_MATCH = YES;
				"CODE_SIGN_IDENTITY[sdk=iphoneos*]" = "iPhone Developer";
				COPY_PHASE_STRIP = NO;
				DEBUG_INFORMATION_FORMAT = "dwarf-with-dsym";
				ENABLE_NS_ASSERTIONS = NO;
				ENABLE_STRICT_OBJC_MSGSEND = YES;
				GCC_C_LANGUAGE_STANDARD = gnu99;
				GCC_NO_COMMON_BLOCKS = YES;
				GCC_WARN_64_TO_32_BIT_CONVERSION = YES;
				GCC_WARN_ABOUT_RETURN_TYPE = YES_ERROR;
				GCC_WARN_UNDECLARED_SELECTOR = YES;
				GCC_WARN_UNINITIALIZED_AUTOS = YES_AGGRESSIVE;
				GCC_WARN_UNUSED_FUNCTION = YES;
				GCC_WARN_UNUSED_VARIABLE = YES;
				IPHONEOS_DEPLOYMENT_TARGET = 10.3;
				MTL_ENABLE_DEBUG_INFO = NO;
				SDKROOT = iphoneos;
				SWIFT_OPTIMIZATION_LEVEL = "-Owholemodule";
				VALIDATE_PRODUCT = YES;
			};
			name = Release;
		};
		6644CC2F1F15593800C6F4F9 /* Debug */ = {
			isa = XCBuildConfiguration;
			buildSettings = {
				ASSETCATALOG_COMPILER_APPICON_NAME = AppIcon;
				DEVELOPMENT_TEAM = G55S74JQUS;
				INFOPLIST_FILE = BabylonPosts/Info.plist;
				LD_RUNPATH_SEARCH_PATHS = "$(inherited) @executable_path/Frameworks";
				PRODUCT_BUNDLE_IDENTIFIER = JB.BabylonPosts;
				PRODUCT_NAME = "$(TARGET_NAME)";
				SWIFT_VERSION = 3.0;
			};
			name = Debug;
		};
		6644CC301F15593800C6F4F9 /* Release */ = {
			isa = XCBuildConfiguration;
			buildSettings = {
				ASSETCATALOG_COMPILER_APPICON_NAME = AppIcon;
				DEVELOPMENT_TEAM = G55S74JQUS;
				INFOPLIST_FILE = BabylonPosts/Info.plist;
				LD_RUNPATH_SEARCH_PATHS = "$(inherited) @executable_path/Frameworks";
				PRODUCT_BUNDLE_IDENTIFIER = JB.BabylonPosts;
				PRODUCT_NAME = "$(TARGET_NAME)";
				SWIFT_VERSION = 3.0;
			};
			name = Release;
		};
/* End XCBuildConfiguration section */

/* Begin XCConfigurationList section */
		6644CC171F15593800C6F4F9 /* Build configuration list for PBXProject "BabylonPosts" */ = {
			isa = XCConfigurationList;
			buildConfigurations = (
				6644CC2C1F15593800C6F4F9 /* Debug */,
				6644CC2D1F15593800C6F4F9 /* Release */,
			);
			defaultConfigurationIsVisible = 0;
			defaultConfigurationName = Release;
		};
		6644CC2E1F15593800C6F4F9 /* Build configuration list for PBXNativeTarget "BabylonPosts" */ = {
			isa = XCConfigurationList;
			buildConfigurations = (
				6644CC2F1F15593800C6F4F9 /* Debug */,
				6644CC301F15593800C6F4F9 /* Release */,
			);
			defaultConfigurationIsVisible = 0;
		};
/* End XCConfigurationList section */
	};
	rootObject = 6644CC141F15593800C6F4F9 /* Project object */;
}
